
Microsoft Visual Studio Solution File, Format Version 12.00
# Visual Studio Version 16
VisualStudioVersion = 16.0.30523.141
MinimumVisualStudioVersion = 10.0.40219.1
Project("{FAE04EC0-301F-11D3-BF4B-00C04F79EFBC}") = "GoComparePurchase", "GoComparePurchase.csproj", "{D83FBA97-B0B7-41E4-A851-EE35707A19C7}"
EndProject
Global
	GlobalSection(SolutionConfigurationPlatforms) = preSolution
		Debug|Any CPU = Debug|Any CPU
		Release|Any CPU = Release|Any CPU
	EndGlobalSection
	GlobalSection(ProjectConfigurationPlatforms) = postSolution
		{D83FBA97-B0B7-41E4-A851-EE35707A19C7}.Debug|Any CPU.ActiveCfg = Debug|Any CPU
		{D83FBA97-B0B7-41E4-A851-EE35707A19C7}.Debug|Any CPU.Build.0 = Debug|Any CPU
		{D83FBA97-B0B7-41E4-A851-EE35707A19C7}.Release|Any CPU.ActiveCfg = Release|Any CPU
		{D83FBA97-B0B7-41E4-A851-EE35707A19C7}.Release|Any CPU.Build.0 = Release|Any CPU
	EndGlobalSection
	GlobalSection(SolutionProperties) = preSolution
		HideSolutionNode = FALSE
	EndGlobalSection
	GlobalSection(ExtensibilityGlobals) = postSolution
		SolutionGuid = {D37CE6E4-4226-44FE-A75B-EC6B975ADF58}
	EndGlobalSection
EndGlobal
